// !$*UTF8*$!
{
	archiveVersion = 1;
	classes = {
	};
	objectVersion = 46;
	objects = {

/* Begin PBXBuildFile section */
		511191901D836066000ACFF2 /* AppDelegate.swift in Sources */ = {isa = PBXBuildFile; fileRef = 5111918F1D836066000ACFF2 /* AppDelegate.swift */; };
		511191921D836066000ACFF2 /* ViewController.swift in Sources */ = {isa = PBXBuildFile; fileRef = 511191911D836066000ACFF2 /* ViewController.swift */; };
		511191951D836066000ACFF2 /* Main.storyboard in Resources */ = {isa = PBXBuildFile; fileRef = 511191931D836066000ACFF2 /* Main.storyboard */; };
		511191971D836066000ACFF2 /* Assets.xcassets in Resources */ = {isa = PBXBuildFile; fileRef = 511191961D836066000ACFF2 /* Assets.xcassets */; };
		5111919A1D836066000ACFF2 /* LaunchScreen.storyboard in Resources */ = {isa = PBXBuildFile; fileRef = 511191981D836066000ACFF2 /* LaunchScreen.storyboard */; };
		511191A21D836126000ACFF2 /* Places.plist in Resources */ = {isa = PBXBuildFile; fileRef = 511191A11D836126000ACFF2 /* Places.plist */; };
		511191A41D836863000ACFF2 /* PlacesTableViewCell.swift in Sources */ = {isa = PBXBuildFile; fileRef = 511191A31D836863000ACFF2 /* PlacesTableViewCell.swift */; };
/* End PBXBuildFile section */

/* Begin PBXFileReference section */
		5111918C1D836066000ACFF2 /* TuristandoRio.app */ = {isa = PBXFileReference; explicitFileType = wrapper.application; includeInIndex = 0; path = TuristandoRio.app; sourceTree = BUILT_PRODUCTS_DIR; };
		5111918F1D836066000ACFF2 /* AppDelegate.swift */ = {isa = PBXFileReference; lastKnownFileType = sourcecode.swift; path = AppDelegate.swift; sourceTree = "<group>"; };
		511191911D836066000ACFF2 /* ViewController.swift */ = {isa = PBXFileReference; lastKnownFileType = sourcecode.swift; path = ViewController.swift; sourceTree = "<group>"; };
		511191941D836066000ACFF2 /* Base */ = {isa = PBXFileReference; lastKnownFileType = file.storyboard; name = Base; path = Base.lproj/Main.storyboard; sourceTree = "<group>"; };
		511191961D836066000ACFF2 /* Assets.xcassets */ = {isa = PBXFileReference; lastKnownFileType = folder.assetcatalog; path = Assets.xcassets; sourceTree = "<group>"; };
		511191991D836066000ACFF2 /* Base */ = {isa = PBXFileReference; lastKnownFileType = file.storyboard; name = Base; path = Base.lproj/LaunchScreen.storyboard; sourceTree = "<group>"; };
		5111919B1D836066000ACFF2 /* Info.plist */ = {isa = PBXFileReference; lastKnownFileType = text.plist.xml; path = Info.plist; sourceTree = "<group>"; };
		511191A11D836126000ACFF2 /* Places.plist */ = {isa = PBXFileReference; fileEncoding = 4; lastKnownFileType = text.plist.xml; path = Places.plist; sourceTree = "<group>"; };
		511191A31D836863000ACFF2 /* PlacesTableViewCell.swift */ = {isa = PBXFileReference; fileEncoding = 4; lastKnownFileType = sourcecode.swift; path = PlacesTableViewCell.swift; sourceTree = "<group>"; };
/* End PBXFileReference section */

/* Begin PBXFrameworksBuildPhase section */
		511191891D836066000ACFF2 /* Frameworks */ = {
			isa = PBXFrameworksBuildPhase;
			buildActionMask = 2147483647;
			files = (
			);
			runOnlyForDeploymentPostprocessing = 0;
		};
/* End PBXFrameworksBuildPhase section */

/* Begin PBXGroup section */
		511191831D836066000ACFF2 = {
			isa = PBXGroup;
			children = (
				5111918E1D836066000ACFF2 /* TuristandoRio */,
				5111918D1D836066000ACFF2 /* Products */,
			);
			sourceTree = "<group>";
		};
		5111918D1D836066000ACFF2 /* Products */ = {
			isa = PBXGroup;
			children = (
				5111918C1D836066000ACFF2 /* TuristandoRio.app */,
			);
			name = Products;
			sourceTree = "<group>";
		};
		5111918E1D836066000ACFF2 /* TuristandoRio */ = {
			isa = PBXGroup;
			children = (
				5111918F1D836066000ACFF2 /* AppDelegate.swift */,
				511191911D836066000ACFF2 /* ViewController.swift */,
				511191931D836066000ACFF2 /* Main.storyboard */,
				511191961D836066000ACFF2 /* Assets.xcassets */,
				511191981D836066000ACFF2 /* LaunchScreen.storyboard */,
				5111919B1D836066000ACFF2 /* Info.plist */,
				511191A11D836126000ACFF2 /* Places.plist */,
				511191A31D836863000ACFF2 /* PlacesTableViewCell.swift */,
			);
			path = TuristandoRio;
			sourceTree = "<group>";
		};
/* End PBXGroup section */

/* Begin PBXNativeTarget section */
		5111918B1D836066000ACFF2 /* TuristandoRio */ = {
			isa = PBXNativeTarget;
			buildConfigurationList = 5111919E1D836066000ACFF2 /* Build configuration list for PBXNativeTarget "TuristandoRio" */;
			buildPhases = (
				511191881D836066000ACFF2 /* Sources */,
				511191891D836066000ACFF2 /* Frameworks */,
				5111918A1D836066000ACFF2 /* Resources */,
			);
			buildRules = (
			);
			dependencies = (
			);
			name = TuristandoRio;
			productName = TuristandoRio;
			productReference = 5111918C1D836066000ACFF2 /* TuristandoRio.app */;
			productType = "com.apple.product-type.application";
		};
/* End PBXNativeTarget section */

/* Begin PBXProject section */
		511191841D836066000ACFF2 /* Project object */ = {
			isa = PBXProject;
			attributes = {
				LastSwiftUpdateCheck = 0730;
				LastUpgradeCheck = 0730;
				ORGANIZATIONNAME = Infnet;
				TargetAttributes = {
					5111918B1D836066000ACFF2 = {
						CreatedOnToolsVersion = 7.3.1;
					};
				};
			};
			buildConfigurationList = 511191871D836066000ACFF2 /* Build configuration list for PBXProject "TuristandoRio" */;
			compatibilityVersion = "Xcode 3.2";
			developmentRegion = English;
			hasScannedForEncodings = 0;
			knownRegions = (
				en,
				Base,
			);
			mainGroup = 511191831D836066000ACFF2;
			productRefGroup = 5111918D1D836066000ACFF2 /* Products */;
			projectDirPath = "";
			projectRoot = "";
			targets = (
				5111918B1D836066000ACFF2 /* TuristandoRio */,
			);
		};
/* End PBXProject section */

/* Begin PBXResourcesBuildPhase section */
		5111918A1D836066000ACFF2 /* Resources */ = {
			isa = PBXResourcesBuildPhase;
			buildActionMask = 2147483647;
			files = (
				5111919A1D836066000ACFF2 /* LaunchScreen.storyboard in Resources */,
				511191971D836066000ACFF2 /* Assets.xcassets in Resources */,
				511191A21D836126000ACFF2 /* Places.plist in Resources */,
				511191951D836066000ACFF2 /* Main.storyboard in Resources */,
			);
			runOnlyForDeploymentPostprocessing = 0;
		};
/* End PBXResourcesBuildPhase section */

/* Begin PBXSourcesBuildPhase section */
		511191881D836066000ACFF2 /* Sources */ = {
			isa = PBXSourcesBuildPhase;
			buildActionMask = 2147483647;
			files = (
				511191921D836066000ACFF2 /* ViewController.swift in Sources */,
				511191901D836066000ACFF2 /* AppDelegate.swift in Sources */,
				511191A41D836863000ACFF2 /* PlacesTableViewCell.swift in Sources */,
			);
			runOnlyForDeploymentPostprocessing = 0;
		};
/* End PBXSourcesBuildPhase section */

/* Begin PBXVariantGroup section */
		511191931D836066000ACFF2 /* Main.storyboard */ = {
			isa = PBXVariantGroup;
			children = (
				511191941D836066000ACFF2 /* Base */,
			);
			name = Main.storyboard;
			sourceTree = "<group>";
		};
		511191981D836066000ACFF2 /* LaunchScreen.storyboard */ = {
			isa = PBXVariantGroup;
			children = (
				511191991D836066000ACFF2 /* Base */,
			);
			name = LaunchScreen.storyboard;
			sourceTree = "<group>";
		};
/* End PBXVariantGroup section */

/* Begin XCBuildConfiguration section */
		5111919C1D836066000ACFF2 /* Debug */ = {
			isa = XCBuildConfiguration;
			buildSettings = {
				ALWAYS_SEARCH_USER_PATHS = NO;
				CLANG_ANALYZER_NONNULL = YES;
				CLANG_CXX_LANGUAGE_STANDARD = "gnu++0x";
				CLANG_CXX_LIBRARY = "libc++";
				CLANG_ENABLE_MODULES = YES;
				CLANG_ENABLE_OBJC_ARC = YES;
				CLANG_WARN_BOOL_CONVERSION = YES;
				CLANG_WARN_CONSTANT_CONVERSION = YES;
				CLANG_WARN_DIRECT_OBJC_ISA_USAGE = YES_ERROR;
				CLANG_WARN_EMPTY_BODY = YES;
				CLANG_WARN_ENUM_CONVERSION = YES;
				CLANG_WARN_INT_CONVERSION = YES;
				CLANG_WARN_OBJC_ROOT_CLASS = YES_ERROR;
				CLANG_WARN_UNREACHABLE_CODE = YES;
				CLANG_WARN__DUPLICATE_METHOD_MATCH = YES;
				"CODE_SIGN_IDENTITY[sdk=iphoneos*]" = "iPhone Developer";
				COPY_PHASE_STRIP = NO;
				DEBUG_INFORMATION_FORMAT = dwarf;
				ENABLE_STRICT_OBJC_MSGSEND = YES;
				ENABLE_TESTABILITY = YES;
				GCC_C_LANGUAGE_STANDARD = gnu99;
				GCC_DYNAMIC_NO_PIC = NO;
				GCC_NO_COMMON_BLOCKS = YES;
				GCC_OPTIMIZATION_LEVEL = 0;
				GCC_PREPROCESSOR_DEFINITIONS = (
					"DEBUG=1",
					"$(inherited)",
				);
				GCC_WARN_64_TO_32_BIT_CONVERSION = YES;
				GCC_WARN_ABOUT_RETURN_TYPE = YES_ERROR;
				GCC_WARN_UNDECLARED_SELECTOR = YES;
				GCC_WARN_UNINITIALIZED_AUTOS = YES_AGGRESSIVE;
				GCC_WARN_UNUSED_FUNCTION = YES;
				GCC_WARN_UNUSED_VARIABLE = YES;
				IPHONEOS_DEPLOYMENT_TARGET = 9.3;
				MTL_ENABLE_DEBUG_INFO = YES;
				ONLY_ACTIVE_ARCH = YES;
				SDKROOT = iphoneos;
				SWIFT_OPTIMIZATION_LEVEL = "-Onone";
			};
			name = Debug;
		};
		5111919D1D836066000ACFF2 /* Release */ = {
			isa = XCBuildConfiguration;
			buildSettings = {
				ALWAYS_SEARCH_USER_PATHS = NO;
				CLANG_ANALYZER_NONNULL = YES;
				CLANG_CXX_LANGUAGE_STANDARD = "gnu++0x";
				CLANG_CXX_LIBRARY = "libc++";
				CLANG_ENABLE_MODULES = YES;
				CLANG_ENABLE_OBJC_ARC = YES;
				CLANG_WARN_BOOL_CONVERSION = YES;
				CLANG_WARN_CONSTANT_CONVERSION = YES;
				CLANG_WARN_DIRECT_OBJC_ISA_USAGE = YES_ERROR;
				CLANG_WARN_EMPTY_BODY = YES;
				CLANG_WARN_ENUM_CONVERSION = YES;
				CLANG_WARN_INT_CONVERSION = YES;
				CLANG_WARN_OBJC_ROOT_CLASS = YES_ERROR;
				CLANG_WARN_UNREACHABLE_CODE = YES;
				CLANG_WARN__DUPLICATE_METHOD_MATCH = YES;
				"CODE_SIGN_IDENTITY[sdk=iphoneos*]" = "iPhone Developer";
				COPY_PHASE_STRIP = NO;
				DEBUG_INFORMATION_FORMAT = "dwarf-with-dsym";
				ENABLE_NS_ASSERTIONS = NO;
				ENABLE_STRICT_OBJC_MSGSEND = YES;
				GCC_C_LANGUAGE_STANDARD = gnu99;
				GCC_NO_COMMON_BLOCKS = YES;
				GCC_WARN_64_TO_32_BIT_CONVERSION = YES;
				GCC_WARN_ABOUT_RETURN_TYPE = YES_ERROR;
				GCC_WARN_UNDECLARED_SELECTOR = YES;
				GCC_WARN_UNINITIALIZED_AUTOS = YES_AGGRESSIVE;
				GCC_WARN_UNUSED_FUNCTION = YES;
				GCC_WARN_UNUSED_VARIABLE = YES;
				IPHONEOS_DEPLOYMENT_TARGET = 9.3;
				MTL_ENABLE_DEBUG_INFO = NO;
				SDKROOT = iphoneos;
				VALIDATE_PRODUCT = YES;
			};
			name = Release;
		};
		5111919F1D836066000ACFF2 /* Debug */ = {
			isa = XCBuildConfiguration;
			buildSettings = {
				ASSETCATALOG_COMPILER_APPICON_NAME = AppIcon;
				INFOPLIST_FILE = TuristandoRio/Info.plist;
				LD_RUNPATH_SEARCH_PATHS = "$(inherited) @executable_path/Frameworks";
				PRODUCT_BUNDLE_IDENTIFIER = br.edu.infnet.TuristandoRio;
				PRODUCT_NAME = "$(TARGET_NAME)";
			};
			name = Debug;
		};
		511191A01D836066000ACFF2 /* Release */ = {
			isa = XCBuildConfiguration;
			buildSettings = {
				ASSETCATALOG_COMPILER_APPICON_NAME = AppIcon;
				INFOPLIST_FILE = TuristandoRio/Info.plist;
				LD_RUNPATH_SEARCH_PATHS = "$(inherited) @executable_path/Frameworks";
				PRODUCT_BUNDLE_IDENTIFIER = br.edu.infnet.TuristandoRio;
				PRODUCT_NAME = "$(TARGET_NAME)";
			};
			name = Release;
		};
/* End XCBuildConfiguration section */

/* Begin XCConfigurationList section */
		511191871D836066000ACFF2 /* Build configuration list for PBXProject "TuristandoRio" */ = {
			isa = XCConfigurationList;
			buildConfigurations = (
				5111919C1D836066000ACFF2 /* Debug */,
				5111919D1D836066000ACFF2 /* Release */,
			);
			defaultConfigurationIsVisible = 0;
			defaultConfigurationName = Release;
		};
		5111919E1D836066000ACFF2 /* Build configuration list for PBXNativeTarget "TuristandoRio" */ = {
			isa = XCConfigurationList;
			buildConfigurations = (
				5111919F1D836066000ACFF2 /* Debug */,
				511191A01D836066000ACFF2 /* Release */,
			);
			defaultConfigurationIsVisible = 0;
		};
/* End XCConfigurationList section */
	};
	rootObject = 511191841D836066000ACFF2 /* Project object */;
}
